
Microsoft Visual Studio Solution File, Format Version 12.00
# Visual Studio Version 17
VisualStudioVersion = 17.3.32929.385
MinimumVisualStudioVersion = 10.0.40219.1
Project("{FAE04EC0-301F-11D3-BF4B-00C04F79EFBC}") = "SysProg_Lesson5_hw", "SysProg_Lesson5_hw\SysProg_Lesson5_hw.csproj", "{F3C212C0-B8DD-43A4-97E2-895E7401BB25}"
EndProject
Global
	GlobalSection(SolutionConfigurationPlatforms) = preSolution
		Debug|Any CPU = Debug|Any CPU
		Release|Any CPU = Release|Any CPU
	EndGlobalSection
	GlobalSection(ProjectConfigurationPlatforms) = postSolution
		{F3C212C0-B8DD-43A4-97E2-895E7401BB25}.Debug|Any CPU.ActiveCfg = Debug|Any CPU
		{F3C212C0-B8DD-43A4-97E2-895E7401BB25}.Debug|Any CPU.Build.0 = Debug|Any CPU
		{F3C212C0-B8DD-43A4-97E2-895E7401BB25}.Release|Any CPU.ActiveCfg = Release|Any CPU
		{F3C212C0-B8DD-43A4-97E2-895E7401BB25}.Release|Any CPU.Build.0 = Release|Any CPU
	EndGlobalSection
	GlobalSection(SolutionProperties) = preSolution
		HideSolutionNode = FALSE
	EndGlobalSection
	GlobalSection(ExtensibilityGlobals) = postSolution
		SolutionGuid = {7627E753-87F2-4F82-962D-278DA22C11CB}
	EndGlobalSection
EndGlobal
